// !$*UTF8*$!
{
	archiveVersion = 1;
	classes = {
	};
	objectVersion = 46;
	objects = {

/* Begin PBXBuildFile section */
		D647E0961C7A2B460072FECA /* GuessingGame.cpp in Sources */ = {isa = PBXBuildFile; fileRef = D647E0941C7A2B460072FECA /* GuessingGame.cpp */; };
		D647E0991C7A3C790072FECA /* PointerTest.cpp in Sources */ = {isa = PBXBuildFile; fileRef = D647E0971C7A3C790072FECA /* PointerTest.cpp */; };
		D647E09C1C7A63780072FECA /* PointerReferenceTest.cpp in Sources */ = {isa = PBXBuildFile; fileRef = D647E09A1C7A63780072FECA /* PointerReferenceTest.cpp */; };
		D647E09F1C7A69F20072FECA /* ForLoopTest.cpp in Sources */ = {isa = PBXBuildFile; fileRef = D647E09D1C7A69F20072FECA /* ForLoopTest.cpp */; };
		D647E0A21C7A73A50072FECA /* CallByRefExample.cpp in Sources */ = {isa = PBXBuildFile; fileRef = D647E0A01C7A73A50072FECA /* CallByRefExample.cpp */; };
		D6526B371C7A13D90078A7B3 /* main.cpp in Sources */ = {isa = PBXBuildFile; fileRef = D6526B361C7A13D90078A7B3 /* main.cpp */; };
/* End PBXBuildFile section */

/* Begin PBXCopyFilesBuildPhase section */
		D6526B311C7A13D90078A7B3 /* CopyFiles */ = {
			isa = PBXCopyFilesBuildPhase;
			buildActionMask = 2147483647;
			dstPath = /usr/share/man/man1/;
			dstSubfolderSpec = 0;
			files = (
			);
			runOnlyForDeploymentPostprocessing = 1;
		};
/* End PBXCopyFilesBuildPhase section */

/* Begin PBXFileReference section */
		D647E0941C7A2B460072FECA /* GuessingGame.cpp */ = {isa = PBXFileReference; fileEncoding = 4; lastKnownFileType = sourcecode.cpp.cpp; path = GuessingGame.cpp; sourceTree = "<group>"; };
		D647E0951C7A2B460072FECA /* GuessingGame.hpp */ = {isa = PBXFileReference; fileEncoding = 4; lastKnownFileType = sourcecode.cpp.h; path = GuessingGame.hpp; sourceTree = "<group>"; };
		D647E0971C7A3C790072FECA /* PointerTest.cpp */ = {isa = PBXFileReference; fileEncoding = 4; lastKnownFileType = sourcecode.cpp.cpp; path = PointerTest.cpp; sourceTree = "<group>"; };
		D647E0981C7A3C790072FECA /* PointerTest.hpp */ = {isa = PBXFileReference; fileEncoding = 4; lastKnownFileType = sourcecode.cpp.h; path = PointerTest.hpp; sourceTree = "<group>"; };
		D647E09A1C7A63780072FECA /* PointerReferenceTest.cpp */ = {isa = PBXFileReference; fileEncoding = 4; lastKnownFileType = sourcecode.cpp.cpp; path = PointerReferenceTest.cpp; sourceTree = "<group>"; };
		D647E09B1C7A63780072FECA /* PointerReferenceTest.hpp */ = {isa = PBXFileReference; fileEncoding = 4; lastKnownFileType = sourcecode.cpp.h; path = PointerReferenceTest.hpp; sourceTree = "<group>"; };
		D647E09D1C7A69F20072FECA /* ForLoopTest.cpp */ = {isa = PBXFileReference; fileEncoding = 4; lastKnownFileType = sourcecode.cpp.cpp; path = ForLoopTest.cpp; sourceTree = "<group>"; };
		D647E09E1C7A69F20072FECA /* ForLoopTest.hpp */ = {isa = PBXFileReference; fileEncoding = 4; lastKnownFileType = sourcecode.cpp.h; path = ForLoopTest.hpp; sourceTree = "<group>"; };
		D647E0A01C7A73A50072FECA /* CallByRefExample.cpp */ = {isa = PBXFileReference; fileEncoding = 4; lastKnownFileType = sourcecode.cpp.cpp; path = CallByRefExample.cpp; sourceTree = "<group>"; };
		D647E0A11C7A73A50072FECA /* CallByRefExample.hpp */ = {isa = PBXFileReference; fileEncoding = 4; lastKnownFileType = sourcecode.cpp.h; path = CallByRefExample.hpp; sourceTree = "<group>"; };
		D6526B331C7A13D90078A7B3 /* cpp_test */ = {isa = PBXFileReference; explicitFileType = "compiled.mach-o.executable"; includeInIndex = 0; path = cpp_test; sourceTree = BUILT_PRODUCTS_DIR; };
		D6526B361C7A13D90078A7B3 /* main.cpp */ = {isa = PBXFileReference; lastKnownFileType = sourcecode.cpp.cpp; path = main.cpp; sourceTree = "<group>"; };
/* End PBXFileReference section */

/* Begin PBXFrameworksBuildPhase section */
		D6526B301C7A13D90078A7B3 /* Frameworks */ = {
			isa = PBXFrameworksBuildPhase;
			buildActionMask = 2147483647;
			files = (
			);
			runOnlyForDeploymentPostprocessing = 0;
		};
/* End PBXFrameworksBuildPhase section */

/* Begin PBXGroup section */
		D6526B2A1C7A13D90078A7B3 = {
			isa = PBXGroup;
			children = (
				D6526B351C7A13D90078A7B3 /* cpp_test */,
				D6526B341C7A13D90078A7B3 /* Products */,
			);
			sourceTree = "<group>";
		};
		D6526B341C7A13D90078A7B3 /* Products */ = {
			isa = PBXGroup;
			children = (
				D6526B331C7A13D90078A7B3 /* cpp_test */,
			);
			name = Products;
			sourceTree = "<group>";
		};
		D6526B351C7A13D90078A7B3 /* cpp_test */ = {
			isa = PBXGroup;
			children = (
				D6526B361C7A13D90078A7B3 /* main.cpp */,
				D647E0A01C7A73A50072FECA /* CallByRefExample.cpp */,
				D647E0A11C7A73A50072FECA /* CallByRefExample.hpp */,
				D647E0941C7A2B460072FECA /* GuessingGame.cpp */,
				D647E0951C7A2B460072FECA /* GuessingGame.hpp */,
				D647E0971C7A3C790072FECA /* PointerTest.cpp */,
				D647E0981C7A3C790072FECA /* PointerTest.hpp */,
				D647E09A1C7A63780072FECA /* PointerReferenceTest.cpp */,
				D647E09B1C7A63780072FECA /* PointerReferenceTest.hpp */,
				D647E09D1C7A69F20072FECA /* ForLoopTest.cpp */,
				D647E09E1C7A69F20072FECA /* ForLoopTest.hpp */,
			);
			path = cpp_test;
			sourceTree = "<group>";
		};
/* End PBXGroup section */

/* Begin PBXNativeTarget section */
		D6526B321C7A13D90078A7B3 /* cpp_test */ = {
			isa = PBXNativeTarget;
			buildConfigurationList = D6526B3A1C7A13D90078A7B3 /* Build configuration list for PBXNativeTarget "cpp_test" */;
			buildPhases = (
				D6526B2F1C7A13D90078A7B3 /* Sources */,
				D6526B301C7A13D90078A7B3 /* Frameworks */,
				D6526B311C7A13D90078A7B3 /* CopyFiles */,
			);
			buildRules = (
			);
			dependencies = (
			);
			name = cpp_test;
			productName = cpp_test;
			productReference = D6526B331C7A13D90078A7B3 /* cpp_test */;
			productType = "com.apple.product-type.tool";
		};
/* End PBXNativeTarget section */

/* Begin PBXProject section */
		D6526B2B1C7A13D90078A7B3 /* Project object */ = {
			isa = PBXProject;
			attributes = {
				LastUpgradeCheck = 0720;
				ORGANIZATIONNAME = "Gandhi Games";
				TargetAttributes = {
					D6526B321C7A13D90078A7B3 = {
						CreatedOnToolsVersion = 7.2.1;
					};
				};
			};
			buildConfigurationList = D6526B2E1C7A13D90078A7B3 /* Build configuration list for PBXProject "cpp_test" */;
			compatibilityVersion = "Xcode 3.2";
			developmentRegion = English;
			hasScannedForEncodings = 0;
			knownRegions = (
				en,
			);
			mainGroup = D6526B2A1C7A13D90078A7B3;
			productRefGroup = D6526B341C7A13D90078A7B3 /* Products */;
			projectDirPath = "";
			projectRoot = "";
			targets = (
				D6526B321C7A13D90078A7B3 /* cpp_test */,
			);
		};
/* End PBXProject section */

/* Begin PBXSourcesBuildPhase section */
		D6526B2F1C7A13D90078A7B3 /* Sources */ = {
			isa = PBXSourcesBuildPhase;
			buildActionMask = 2147483647;
			files = (
				D647E0961C7A2B460072FECA /* GuessingGame.cpp in Sources */,
				D647E09C1C7A63780072FECA /* PointerReferenceTest.cpp in Sources */,
				D647E0991C7A3C790072FECA /* PointerTest.cpp in Sources */,
				D647E0A21C7A73A50072FECA /* CallByRefExample.cpp in Sources */,
				D647E09F1C7A69F20072FECA /* ForLoopTest.cpp in Sources */,
				D6526B371C7A13D90078A7B3 /* main.cpp in Sources */,
			);
			runOnlyForDeploymentPostprocessing = 0;
		};
/* End PBXSourcesBuildPhase section */

/* Begin XCBuildConfiguration section */
		D6526B381C7A13D90078A7B3 /* Debug */ = {
			isa = XCBuildConfiguration;
			buildSettings = {
				ALWAYS_SEARCH_USER_PATHS = NO;
				ARCHS = "$(ARCHS_STANDARD)";
				CLANG_CXX_LANGUAGE_STANDARD = "gnu++0x";
				CLANG_CXX_LIBRARY = "libc++";
				CLANG_ENABLE_MODULES = YES;
				CLANG_ENABLE_OBJC_ARC = YES;
				CLANG_WARN_BOOL_CONVERSION = YES;
				CLANG_WARN_CONSTANT_CONVERSION = YES;
				CLANG_WARN_DIRECT_OBJC_ISA_USAGE = YES_ERROR;
				CLANG_WARN_EMPTY_BODY = YES;
				CLANG_WARN_ENUM_CONVERSION = YES;
				CLANG_WARN_INT_CONVERSION = YES;
				CLANG_WARN_OBJC_ROOT_CLASS = YES_ERROR;
				CLANG_WARN_UNREACHABLE_CODE = YES;
				CLANG_WARN__DUPLICATE_METHOD_MATCH = YES;
				CODE_SIGN_IDENTITY = "-";
				COPY_PHASE_STRIP = NO;
				DEBUG_INFORMATION_FORMAT = dwarf;
				ENABLE_STRICT_OBJC_MSGSEND = YES;
				ENABLE_TESTABILITY = YES;
				GCC_C_LANGUAGE_STANDARD = gnu99;
				GCC_DYNAMIC_NO_PIC = NO;
				GCC_NO_COMMON_BLOCKS = YES;
				GCC_OPTIMIZATION_LEVEL = 0;
				GCC_PREPROCESSOR_DEFINITIONS = (
					"DEBUG=1",
					"$(inherited)",
				);
				GCC_WARN_64_TO_32_BIT_CONVERSION = YES;
				GCC_WARN_ABOUT_RETURN_TYPE = YES_ERROR;
				GCC_WARN_UNDECLARED_SELECTOR = YES;
				GCC_WARN_UNINITIALIZED_AUTOS = YES_AGGRESSIVE;
				GCC_WARN_UNUSED_FUNCTION = YES;
				GCC_WARN_UNUSED_VARIABLE = YES;
				MACOSX_DEPLOYMENT_TARGET = 10.11;
				MTL_ENABLE_DEBUG_INFO = YES;
				ONLY_ACTIVE_ARCH = YES;
				SDKROOT = macosx;
			};
			name = Debug;
		};
		D6526B391C7A13D90078A7B3 /* Release */ = {
			isa = XCBuildConfiguration;
			buildSettings = {
				ALWAYS_SEARCH_USER_PATHS = NO;
				ARCHS = "$(ARCHS_STANDARD)";
				CLANG_CXX_LANGUAGE_STANDARD = "gnu++0x";
				CLANG_CXX_LIBRARY = "libc++";
				CLANG_ENABLE_MODULES = YES;
				CLANG_ENABLE_OBJC_ARC = YES;
				CLANG_WARN_BOOL_CONVERSION = YES;
				CLANG_WARN_CONSTANT_CONVERSION = YES;
				CLANG_WARN_DIRECT_OBJC_ISA_USAGE = YES_ERROR;
				CLANG_WARN_EMPTY_BODY = YES;
				CLANG_WARN_ENUM_CONVERSION = YES;
				CLANG_WARN_INT_CONVERSION = YES;
				CLANG_WARN_OBJC_ROOT_CLASS = YES_ERROR;
				CLANG_WARN_UNREACHABLE_CODE = YES;
				CLANG_WARN__DUPLICATE_METHOD_MATCH = YES;
				CODE_SIGN_IDENTITY = "-";
				COPY_PHASE_STRIP = NO;
				DEBUG_INFORMATION_FORMAT = "dwarf-with-dsym";
				ENABLE_NS_ASSERTIONS = NO;
				ENABLE_STRICT_OBJC_MSGSEND = YES;
				GCC_C_LANGUAGE_STANDARD = gnu99;
				GCC_NO_COMMON_BLOCKS = YES;
				GCC_WARN_64_TO_32_BIT_CONVERSION = YES;
				GCC_WARN_ABOUT_RETURN_TYPE = YES_ERROR;
				GCC_WARN_UNDECLARED_SELECTOR = YES;
				GCC_WARN_UNINITIALIZED_AUTOS = YES_AGGRESSIVE;
				GCC_WARN_UNUSED_FUNCTION = YES;
				GCC_WARN_UNUSED_VARIABLE = YES;
				MACOSX_DEPLOYMENT_TARGET = 10.11;
				MTL_ENABLE_DEBUG_INFO = NO;
				SDKROOT = macosx;
			};
			name = Release;
		};
		D6526B3B1C7A13D90078A7B3 /* Debug */ = {
			isa = XCBuildConfiguration;
			buildSettings = {
				PRODUCT_NAME = "$(TARGET_NAME)";
			};
			name = Debug;
		};
		D6526B3C1C7A13D90078A7B3 /* Release */ = {
			isa = XCBuildConfiguration;
			buildSettings = {
				PRODUCT_NAME = "$(TARGET_NAME)";
			};
			name = Release;
		};
/* End XCBuildConfiguration section */

/* Begin XCConfigurationList section */
		D6526B2E1C7A13D90078A7B3 /* Build configuration list for PBXProject "cpp_test" */ = {
			isa = XCConfigurationList;
			buildConfigurations = (
				D6526B381C7A13D90078A7B3 /* Debug */,
				D6526B391C7A13D90078A7B3 /* Release */,
			);
			defaultConfigurationIsVisible = 0;
			defaultConfigurationName = Release;
		};
		D6526B3A1C7A13D90078A7B3 /* Build configuration list for PBXNativeTarget "cpp_test" */ = {
			isa = XCConfigurationList;
			buildConfigurations = (
				D6526B3B1C7A13D90078A7B3 /* Debug */,
				D6526B3C1C7A13D90078A7B3 /* Release */,
			);
			defaultConfigurationIsVisible = 0;
			defaultConfigurationName = Release;
		};
/* End XCConfigurationList section */
	};
	rootObject = D6526B2B1C7A13D90078A7B3 /* Project object */;
}
